
Microsoft Visual Studio Solution File, Format Version 12.00
# Visual Studio Version 17
VisualStudioVersion = 17.3.32708.82
MinimumVisualStudioVersion = 10.0.40219.1
Project("{9A19103F-16F7-4668-BE54-9A1E7A4F7556}") = "ReleaseDownloader", "ReleaseDownloader\ReleaseDownloader.csproj", "{803BC899-4A32-43A0-AAA3-227F96B1EDE7}"
EndProject
Project("{9A19103F-16F7-4668-BE54-9A1E7A4F7556}") = "ReleaseDownloaderTests", "ReleaseDownloaderTests\ReleaseDownloaderTests.csproj", "{D2DB27CE-0B2F-4C3C-913E-093508378B02}"
EndProject
Project("{2150E333-8FDC-42A3-9474-1A3956D46DE8}") = "Solution Items", "Solution Items", "{25C39BA5-31DA-46C2-B936-1688CC405E99}"
	ProjectSection(SolutionItems) = preProject
		README.md = README.md
		ReleaseDownloader.png = ReleaseDownloader.png
	EndProjectSection
EndProject
Project("{2150E333-8FDC-42A3-9474-1A3956D46DE8}") = "Images", "Images", "{7826B86C-0947-49F2-B437-5C92A5E3FD52}"
	ProjectSection(SolutionItems) = preProject
		Images\ExampleRepository.png = Images\ExampleRepository.png
	EndProjectSection
EndProject
Global
	GlobalSection(SolutionConfigurationPlatforms) = preSolution
		Debug|Any CPU = Debug|Any CPU
		Release|Any CPU = Release|Any CPU
	EndGlobalSection
	GlobalSection(ProjectConfigurationPlatforms) = postSolution
		{803BC899-4A32-43A0-AAA3-227F96B1EDE7}.Debug|Any CPU.ActiveCfg = Debug|Any CPU
		{803BC899-4A32-43A0-AAA3-227F96B1EDE7}.Debug|Any CPU.Build.0 = Debug|Any CPU
		{803BC899-4A32-43A0-AAA3-227F96B1EDE7}.Release|Any CPU.ActiveCfg = Release|Any CPU
		{803BC899-4A32-43A0-AAA3-227F96B1EDE7}.Release|Any CPU.Build.0 = Release|Any CPU
		{D2DB27CE-0B2F-4C3C-913E-093508378B02}.Debug|Any CPU.ActiveCfg = Debug|Any CPU
		{D2DB27CE-0B2F-4C3C-913E-093508378B02}.Debug|Any CPU.Build.0 = Debug|Any CPU
		{D2DB27CE-0B2F-4C3C-913E-093508378B02}.Release|Any CPU.ActiveCfg = Release|Any CPU
		{D2DB27CE-0B2F-4C3C-913E-093508378B02}.Release|Any CPU.Build.0 = Release|Any CPU
	EndGlobalSection
	GlobalSection(SolutionProperties) = preSolution
		HideSolutionNode = FALSE
	EndGlobalSection
	GlobalSection(NestedProjects) = preSolution
		{7826B86C-0947-49F2-B437-5C92A5E3FD52} = {25C39BA5-31DA-46C2-B936-1688CC405E99}
	EndGlobalSection
	GlobalSection(ExtensibilityGlobals) = postSolution
		SolutionGuid = {E0342FA2-360F-486A-9508-C731EE81386D}
	EndGlobalSection
EndGlobal
